{
  "originHash" : "1c130025351706720c954691fa2bc992a5997e9e07730dcc17de85e0fa8fd732",
  "pins" : [
    {
      "identity" : "swiftui-introspect",
      "kind" : "remoteSourceControl",
      "location" : "https://github.com/siteline/swiftui-introspect.git",
      "state" : {
        "revision" : "807f73ce09a9b9723f12385e592b4e0aaebd3336",
        "version" : "1.3.0"
      }
    },
    {
      "identity" : "swiftui-system-colors",
      "kind" : "remoteSourceControl",
      "location" : "https://github.com/diniska/swiftui-system-colors",
      "state" : {
        "revision" : "5127afab23337699a714e036588f02d9481ae612",
        "version" : "1.2.0"
      }
    }
  ],
  "version" : 3
}
